<Solution>
  <Folder Name="/_Global/">
    <File Path=".gitignore" />
    <File Path="Directory.Build.props" />
    <File Path="Directory.Build.targets" />
    <File Path="global.json" />
    <File Path="Directory.Packages.props" />
  </Folder>
  <Project Path="EtAlii.OpenAI.Tests\EtAlii.OpenAI.Tests.csproj" Type="Classic C#" />
  <Project Path="EtAlii.OpenAI\EtAlii.OpenAI.csproj" Type="Classic C#" />
  <Project Path="EtAlii.Text.Lark.Generators\EtAlii.Text.Lark.Generators.Sample\EtAlii.Text.Lark.Generators.Sample.csproj" Type="Classic C#" />
  <Project Path="EtAlii.Text.Lark.Generators\EtAlii.Text.Lark.Generators.Tests\EtAlii.Text.Lark.Generators.Tests.csproj" Type="Classic C#" />
  <Project Path="EtAlii.Text.Lark.Generators\EtAlii.Text.Lark.Generators\EtAlii.Text.Lark.Generators.csproj" Type="Classic C#" />
  <Project Path="EtAlii.Text.Lark.Tests\EtAlii.Text.Lark.Tests.csproj" Type="Classic C#" />
  <Project Path="EtAlii.Text.Lark\EtAlii.Text.Lark.csproj" Type="Classic C#" />
</Solution>